
Microsoft Visual Studio Solution File, Format Version 12.00
# Visual Studio Version 17
VisualStudioVersion = 17.5.002.0
MinimumVisualStudioVersion = 10.0.40219.1
Project("{9A19103F-16F7-4668-BE54-9A1E7A4F7556}") = "Aula15", "Aula15\Aula15.csproj", "{1AA75953-907A-4BC9-9792-E2921C8D9B57}"
EndProject
Project("{FAE04EC0-301F-11D3-BF4B-00C04F79EFBC}") = "Aula_19_OO_Iterface", "Aula_19_OO_Iterface\Aula_19_OO_Iterface.csproj", "{27493554-3158-4A0A-A247-9CED035369E8}"
EndProject
Project("{FAE04EC0-301F-11D3-BF4B-00C04F79EFBC}") = "Aula_19_OO_Relacoes", "Aula_19_OO_Relacoes\Aula_19_OO_Relacoes.csproj", "{1FBEE51C-8308-4D40-8BDE-4DF628550C36}"
EndProject
Project("{FAE04EC0-301F-11D3-BF4B-00C04F79EFBC}") = "Aula_20_Relacoes", "aula_20_Relacoes\Aula_20_Relacoes.csproj", "{CA596BB9-E604-4B43-8990-327064D41CCE}"
EndProject
Project("{FAE04EC0-301F-11D3-BF4B-00C04F79EFBC}") = "AtividadeDeRelações", "AtividadeDeRelações\AtividadeDeRelações.csproj", "{D28CBDE2-213E-49C4-8159-FA57875FAC35}"
EndProject
Project("{FAE04EC0-301F-11D3-BF4B-00C04F79EFBC}") = "1AtividadeDoAno", "1AtividadeDoAno\1AtividadeDoAno.csproj", "{C29703D7-C49A-4C07-A338-54F51F1F6AE5}"
EndProject
Project("{FAE04EC0-301F-11D3-BF4B-00C04F79EFBC}") = "DesafioProfessor", "DesafioProfessor\DesafioProfessor.csproj", "{8D7FCD85-BBAB-41BB-8723-355297FFAAD8}"
EndProject
Project("{FAE04EC0-301F-11D3-BF4B-00C04F79EFBC}") = "Aula_22_OO", "Aula_22_OO\Aula_22_OO.csproj", "{B9F50857-4B53-49E7-9A35-7B4D0664C8C3}"
EndProject
Project("{FAE04EC0-301F-11D3-BF4B-00C04F79EFBC}") = "DesafioEnum", "DesafioEnum\DesafioEnum.csproj", "{F5CFD3DC-3B06-4EC5-A75D-150C3C35C14D}"
EndProject
Global
	GlobalSection(SolutionConfigurationPlatforms) = preSolution
		Debug|Any CPU = Debug|Any CPU
		Release|Any CPU = Release|Any CPU
	EndGlobalSection
	GlobalSection(ProjectConfigurationPlatforms) = postSolution
		{1AA75953-907A-4BC9-9792-E2921C8D9B57}.Debug|Any CPU.ActiveCfg = Debug|Any CPU
		{1AA75953-907A-4BC9-9792-E2921C8D9B57}.Debug|Any CPU.Build.0 = Debug|Any CPU
		{1AA75953-907A-4BC9-9792-E2921C8D9B57}.Release|Any CPU.ActiveCfg = Release|Any CPU
		{1AA75953-907A-4BC9-9792-E2921C8D9B57}.Release|Any CPU.Build.0 = Release|Any CPU
		{27493554-3158-4A0A-A247-9CED035369E8}.Debug|Any CPU.ActiveCfg = Debug|Any CPU
		{27493554-3158-4A0A-A247-9CED035369E8}.Debug|Any CPU.Build.0 = Debug|Any CPU
		{27493554-3158-4A0A-A247-9CED035369E8}.Release|Any CPU.ActiveCfg = Release|Any CPU
		{27493554-3158-4A0A-A247-9CED035369E8}.Release|Any CPU.Build.0 = Release|Any CPU
		{1FBEE51C-8308-4D40-8BDE-4DF628550C36}.Debug|Any CPU.ActiveCfg = Debug|Any CPU
		{1FBEE51C-8308-4D40-8BDE-4DF628550C36}.Debug|Any CPU.Build.0 = Debug|Any CPU
		{1FBEE51C-8308-4D40-8BDE-4DF628550C36}.Release|Any CPU.ActiveCfg = Release|Any CPU
		{1FBEE51C-8308-4D40-8BDE-4DF628550C36}.Release|Any CPU.Build.0 = Release|Any CPU
		{CA596BB9-E604-4B43-8990-327064D41CCE}.Debug|Any CPU.ActiveCfg = Debug|Any CPU
		{CA596BB9-E604-4B43-8990-327064D41CCE}.Debug|Any CPU.Build.0 = Debug|Any CPU
		{CA596BB9-E604-4B43-8990-327064D41CCE}.Release|Any CPU.ActiveCfg = Release|Any CPU
		{CA596BB9-E604-4B43-8990-327064D41CCE}.Release|Any CPU.Build.0 = Release|Any CPU
		{D28CBDE2-213E-49C4-8159-FA57875FAC35}.Debug|Any CPU.ActiveCfg = Debug|Any CPU
		{D28CBDE2-213E-49C4-8159-FA57875FAC35}.Debug|Any CPU.Build.0 = Debug|Any CPU
		{D28CBDE2-213E-49C4-8159-FA57875FAC35}.Release|Any CPU.ActiveCfg = Release|Any CPU
		{D28CBDE2-213E-49C4-8159-FA57875FAC35}.Release|Any CPU.Build.0 = Release|Any CPU
		{7D23D3AF-175E-4F99-98DE-5E6085083F43}.Debug|Any CPU.ActiveCfg = Debug|Any CPU
		{7D23D3AF-175E-4F99-98DE-5E6085083F43}.Debug|Any CPU.Build.0 = Debug|Any CPU
		{7D23D3AF-175E-4F99-98DE-5E6085083F43}.Release|Any CPU.ActiveCfg = Release|Any CPU
		{7D23D3AF-175E-4F99-98DE-5E6085083F43}.Release|Any CPU.Build.0 = Release|Any CPU
		{C29703D7-C49A-4C07-A338-54F51F1F6AE5}.Debug|Any CPU.ActiveCfg = Debug|Any CPU
		{C29703D7-C49A-4C07-A338-54F51F1F6AE5}.Debug|Any CPU.Build.0 = Debug|Any CPU
		{C29703D7-C49A-4C07-A338-54F51F1F6AE5}.Release|Any CPU.ActiveCfg = Release|Any CPU
		{C29703D7-C49A-4C07-A338-54F51F1F6AE5}.Release|Any CPU.Build.0 = Release|Any CPU
		{8D7FCD85-BBAB-41BB-8723-355297FFAAD8}.Debug|Any CPU.ActiveCfg = Debug|Any CPU
		{8D7FCD85-BBAB-41BB-8723-355297FFAAD8}.Debug|Any CPU.Build.0 = Debug|Any CPU
		{8D7FCD85-BBAB-41BB-8723-355297FFAAD8}.Release|Any CPU.ActiveCfg = Release|Any CPU
		{8D7FCD85-BBAB-41BB-8723-355297FFAAD8}.Release|Any CPU.Build.0 = Release|Any CPU
		{B9F50857-4B53-49E7-9A35-7B4D0664C8C3}.Debug|Any CPU.ActiveCfg = Debug|Any CPU
		{B9F50857-4B53-49E7-9A35-7B4D0664C8C3}.Debug|Any CPU.Build.0 = Debug|Any CPU
		{B9F50857-4B53-49E7-9A35-7B4D0664C8C3}.Release|Any CPU.ActiveCfg = Release|Any CPU
		{B9F50857-4B53-49E7-9A35-7B4D0664C8C3}.Release|Any CPU.Build.0 = Release|Any CPU
		{F5CFD3DC-3B06-4EC5-A75D-150C3C35C14D}.Debug|Any CPU.ActiveCfg = Debug|Any CPU
		{F5CFD3DC-3B06-4EC5-A75D-150C3C35C14D}.Debug|Any CPU.Build.0 = Debug|Any CPU
		{F5CFD3DC-3B06-4EC5-A75D-150C3C35C14D}.Release|Any CPU.ActiveCfg = Release|Any CPU
		{F5CFD3DC-3B06-4EC5-A75D-150C3C35C14D}.Release|Any CPU.Build.0 = Release|Any CPU
	EndGlobalSection
	GlobalSection(SolutionProperties) = preSolution
		HideSolutionNode = FALSE
	EndGlobalSection
	GlobalSection(ExtensibilityGlobals) = postSolution
		SolutionGuid = {B88DAB2C-45F6-48CD-BA80-251A3B6784CA}
	EndGlobalSection
EndGlobal
